
Microsoft Visual Studio Solution File, Format Version 12.00
# Visual Studio Version 16
VisualStudioVersion = 16.0.30128.74
MinimumVisualStudioVersion = 10.0.40219.1
Project("{FAE04EC0-301F-11D3-BF4B-00C04F79EFBC}") = "BlazorCRUBPablo", "BlazorCRUBPablo\BlazorCRUBPablo.csproj", "{8EDAC87E-A13D-45C5-9B51-048862597FDA}"
EndProject
Global
	GlobalSection(SolutionConfigurationPlatforms) = preSolution
		Debug|Any CPU = Debug|Any CPU
		Release|Any CPU = Release|Any CPU
	EndGlobalSection
	GlobalSection(ProjectConfigurationPlatforms) = postSolution
		{8EDAC87E-A13D-45C5-9B51-048862597FDA}.Debug|Any CPU.ActiveCfg = Debug|Any CPU
		{8EDAC87E-A13D-45C5-9B51-048862597FDA}.Debug|Any CPU.Build.0 = Debug|Any CPU
		{8EDAC87E-A13D-45C5-9B51-048862597FDA}.Release|Any CPU.ActiveCfg = Release|Any CPU
		{8EDAC87E-A13D-45C5-9B51-048862597FDA}.Release|Any CPU.Build.0 = Release|Any CPU
	EndGlobalSection
	GlobalSection(SolutionProperties) = preSolution
		HideSolutionNode = FALSE
	EndGlobalSection
	GlobalSection(ExtensibilityGlobals) = postSolution
		SolutionGuid = {05981DC5-A233-4F47-BC90-235C07F4C55B}
	EndGlobalSection
EndGlobal
